version: 1.0
shards:
  amber:
    github: mixflame/amber
    commit: be3b71587bb20d12d83226c1ec4630cc158fa85a

  daemonize:
    github: DougEverly/daemonize.cr
    commit: 03d7da27fe76ee6b77d47a66984969a308a42027

  kilt:
    github: jeromegn/kilt
    version: 0.3.3

  mongo:
    github: datanoise/mongo.cr
    commit: 30117a7c9d3eab81557ad0ae833f7109c4e6cabc

  radix:
    github: luislavena/radix
    commit: 211418416adba540b594af2260e1b5d0c8877c9e

  redis:
    github: stefanwille/crystal-redis
    version: 1.8.0

  slang:
    github: jeromegn/slang
    commit: b817c89c7e5ae39562710c0d6c7f42cee685e14f

