version: 1.0
shards:
  amber:
    github: amber-crystal/amber
    commit: 26fba1ca652a6c1f73f51d7931ccb665cd08a429

  daemonize:
    github: DougEverly/daemonize.cr
    commit: 03d7da27fe76ee6b77d47a66984969a308a42027

  kilt:
    github: jeromegn/kilt
    version: 0.3.3

  mongo:
    github: datanoise/mongo.cr
    commit: 7fb5c78d71b2d02d5429a613d6d6554e2746df1c

  radix:
    github: luislavena/radix
    commit: 211418416adba540b594af2260e1b5d0c8877c9e

  redis:
    github: stefanwille/crystal-redis
    version: 1.8.0

  slang:
    github: jeromegn/slang
    commit: b817c89c7e5ae39562710c0d6c7f42cee685e14f

